
Microsoft Visual Studio Solution File, Format Version 12.00
# Visual Studio Version 17
VisualStudioVersion = 17.0.31903.59
MinimumVisualStudioVersion = 10.0.40219.1
Project("{FAE04EC0-301F-11D3-BF4B-00C04F79EFBC}") = "Domain", "Domain\Domain.csproj", "{AC2A2300-6711-4D5C-8C89-02A77E12DB77}"
EndProject
Project("{FAE04EC0-301F-11D3-BF4B-00C04F79EFBC}") = "Infrastructure", "Infrastructure\Infrastructure.csproj", "{696A225B-5C94-4F88-9CA8-D2A10ED37639}"
EndProject
Project("{FAE04EC0-301F-11D3-BF4B-00C04F79EFBC}") = "WebApp", "WebApp\WebApp.csproj", "{EA048832-00FB-436A-B796-C0080D5ACDEA}"
EndProject
Global
	GlobalSection(SolutionConfigurationPlatforms) = preSolution
		Debug|Any CPU = Debug|Any CPU
		Release|Any CPU = Release|Any CPU
	EndGlobalSection
	GlobalSection(SolutionProperties) = preSolution
		HideSolutionNode = FALSE
	EndGlobalSection
	GlobalSection(ProjectConfigurationPlatforms) = postSolution
		{AC2A2300-6711-4D5C-8C89-02A77E12DB77}.Debug|Any CPU.ActiveCfg = Debug|Any CPU
		{AC2A2300-6711-4D5C-8C89-02A77E12DB77}.Debug|Any CPU.Build.0 = Debug|Any CPU
		{AC2A2300-6711-4D5C-8C89-02A77E12DB77}.Release|Any CPU.ActiveCfg = Release|Any CPU
		{AC2A2300-6711-4D5C-8C89-02A77E12DB77}.Release|Any CPU.Build.0 = Release|Any CPU
		{696A225B-5C94-4F88-9CA8-D2A10ED37639}.Debug|Any CPU.ActiveCfg = Debug|Any CPU
		{696A225B-5C94-4F88-9CA8-D2A10ED37639}.Debug|Any CPU.Build.0 = Debug|Any CPU
		{696A225B-5C94-4F88-9CA8-D2A10ED37639}.Release|Any CPU.ActiveCfg = Release|Any CPU
		{696A225B-5C94-4F88-9CA8-D2A10ED37639}.Release|Any CPU.Build.0 = Release|Any CPU
		{EA048832-00FB-436A-B796-C0080D5ACDEA}.Debug|Any CPU.ActiveCfg = Debug|Any CPU
		{EA048832-00FB-436A-B796-C0080D5ACDEA}.Debug|Any CPU.Build.0 = Debug|Any CPU
		{EA048832-00FB-436A-B796-C0080D5ACDEA}.Release|Any CPU.ActiveCfg = Release|Any CPU
		{EA048832-00FB-436A-B796-C0080D5ACDEA}.Release|Any CPU.Build.0 = Release|Any CPU
	EndGlobalSection
EndGlobal
